{
  "name": "spinebreakerrtoo",
  "version": "1.0.0",
  "lockfileVersion": 3,
  "requires": true,
  "packages": {
    "": {
      "name": "spinebreakerrtoo",
      "version": "1.0.0",
      "license": "MIT",
      "dependencies": {
        "spinebreakerr": "^1.0.0"
      }
    },
    "node_modules/spinebreakerr": {
      "version": "1.0.0",
      "resolved": "https://registry.npmjs.org/spinebreakerr/-/spinebreakerr-1.0.0.tgz",
      "integrity": "sha512-FSIZ0D8B17Xmm1bsi60qyv3ruVfanIp/9GxB2RuLg6aoxdNxa66Z5XPYUYxCJLOPJsuBtSxU95zVhx3/ZrV7vA=="
    }
  }
}
